// !$*UTF8*$!
{
	archiveVersion = 1;
	classes = {
	};
	objectVersion = 56;
	objects = {

/* Begin PBXBuildFile section */
		2975D8F628D7D7BD00DCB837 /* TouchdownApp.swift in Sources */ = {isa = PBXBuildFile; fileRef = 2975D8F528D7D7BD00DCB837 /* TouchdownApp.swift */; };
		2975D8F828D7D7BD00DCB837 /* ContentView.swift in Sources */ = {isa = PBXBuildFile; fileRef = 2975D8F728D7D7BD00DCB837 /* ContentView.swift */; };
		2975D8FA28D7D7BF00DCB837 /* Assets.xcassets in Resources */ = {isa = PBXBuildFile; fileRef = 2975D8F928D7D7BF00DCB837 /* Assets.xcassets */; };
		2975D8FD28D7D7BF00DCB837 /* Preview Assets.xcassets in Resources */ = {isa = PBXBuildFile; fileRef = 2975D8FC28D7D7BF00DCB837 /* Preview Assets.xcassets */; };
		2975D90728D7D87300DCB837 /* category.json in Resources */ = {isa = PBXBuildFile; fileRef = 2975D90328D7D87300DCB837 /* category.json */; };
		2975D90828D7D87300DCB837 /* player.json in Resources */ = {isa = PBXBuildFile; fileRef = 2975D90428D7D87300DCB837 /* player.json */; };
		2975D90928D7D87300DCB837 /* product.json in Resources */ = {isa = PBXBuildFile; fileRef = 2975D90528D7D87300DCB837 /* product.json */; };
		2975D90A28D7D87300DCB837 /* brand.json in Resources */ = {isa = PBXBuildFile; fileRef = 2975D90628D7D87300DCB837 /* brand.json */; };
		2975D91728D7D9F800DCB837 /* Constant.swift in Sources */ = {isa = PBXBuildFile; fileRef = 2975D91628D7D9F800DCB837 /* Constant.swift */; };
		2975D91928D7DA7D00DCB837 /* FooterView.swift in Sources */ = {isa = PBXBuildFile; fileRef = 2975D91828D7DA7D00DCB837 /* FooterView.swift */; };
		299917DE28E8B2E500ED5DF0 /* NavigationBarView.swift in Sources */ = {isa = PBXBuildFile; fileRef = 299917DD28E8B2E500ED5DF0 /* NavigationBarView.swift */; };
		299917E028E8B48100ED5DF0 /* LogoView.swift in Sources */ = {isa = PBXBuildFile; fileRef = 299917DF28E8B48100ED5DF0 /* LogoView.swift */; };
		299917E228E8B8A300ED5DF0 /* PlayerModel.swift in Sources */ = {isa = PBXBuildFile; fileRef = 299917E128E8B8A300ED5DF0 /* PlayerModel.swift */; };
		299917E428E8B8D700ED5DF0 /* CodableBundleExtension.swift in Sources */ = {isa = PBXBuildFile; fileRef = 299917E328E8B8D700ED5DF0 /* CodableBundleExtension.swift */; };
		299917E628E8B9D400ED5DF0 /* FeaturedItemView.swift in Sources */ = {isa = PBXBuildFile; fileRef = 299917E528E8B9D400ED5DF0 /* FeaturedItemView.swift */; };
		299917E828E8BA3000ED5DF0 /* FeaturedTabView.swift in Sources */ = {isa = PBXBuildFile; fileRef = 299917E728E8BA3000ED5DF0 /* FeaturedTabView.swift */; };
/* End PBXBuildFile section */

/* Begin PBXFileReference section */
		2975D8F228D7D7BD00DCB837 /* Touchdown.app */ = {isa = PBXFileReference; explicitFileType = wrapper.application; includeInIndex = 0; path = Touchdown.app; sourceTree = BUILT_PRODUCTS_DIR; };
		2975D8F528D7D7BD00DCB837 /* TouchdownApp.swift */ = {isa = PBXFileReference; lastKnownFileType = sourcecode.swift; path = TouchdownApp.swift; sourceTree = "<group>"; };
		2975D8F728D7D7BD00DCB837 /* ContentView.swift */ = {isa = PBXFileReference; lastKnownFileType = sourcecode.swift; path = ContentView.swift; sourceTree = "<group>"; };
		2975D8F928D7D7BF00DCB837 /* Assets.xcassets */ = {isa = PBXFileReference; lastKnownFileType = folder.assetcatalog; path = Assets.xcassets; sourceTree = "<group>"; };
		2975D8FC28D7D7BF00DCB837 /* Preview Assets.xcassets */ = {isa = PBXFileReference; lastKnownFileType = folder.assetcatalog; path = "Preview Assets.xcassets"; sourceTree = "<group>"; };
		2975D90328D7D87300DCB837 /* category.json */ = {isa = PBXFileReference; fileEncoding = 4; lastKnownFileType = text.json; path = category.json; sourceTree = "<group>"; };
		2975D90428D7D87300DCB837 /* player.json */ = {isa = PBXFileReference; fileEncoding = 4; lastKnownFileType = text.json; path = player.json; sourceTree = "<group>"; };
		2975D90528D7D87300DCB837 /* product.json */ = {isa = PBXFileReference; fileEncoding = 4; lastKnownFileType = text.json; path = product.json; sourceTree = "<group>"; };
		2975D90628D7D87300DCB837 /* brand.json */ = {isa = PBXFileReference; fileEncoding = 4; lastKnownFileType = text.json; path = brand.json; sourceTree = "<group>"; };
		2975D90C28D7D8D500DCB837 /* Info.plist */ = {isa = PBXFileReference; lastKnownFileType = text.plist; path = Info.plist; sourceTree = "<group>"; };
		2975D91628D7D9F800DCB837 /* Constant.swift */ = {isa = PBXFileReference; lastKnownFileType = sourcecode.swift; path = Constant.swift; sourceTree = "<group>"; };
		2975D91828D7DA7D00DCB837 /* FooterView.swift */ = {isa = PBXFileReference; lastKnownFileType = sourcecode.swift; path = FooterView.swift; sourceTree = "<group>"; };
		299917DD28E8B2E500ED5DF0 /* NavigationBarView.swift */ = {isa = PBXFileReference; lastKnownFileType = sourcecode.swift; path = NavigationBarView.swift; sourceTree = "<group>"; };
		299917DF28E8B48100ED5DF0 /* LogoView.swift */ = {isa = PBXFileReference; lastKnownFileType = sourcecode.swift; path = LogoView.swift; sourceTree = "<group>"; };
		299917E128E8B8A300ED5DF0 /* PlayerModel.swift */ = {isa = PBXFileReference; lastKnownFileType = sourcecode.swift; path = PlayerModel.swift; sourceTree = "<group>"; };
		299917E328E8B8D700ED5DF0 /* CodableBundleExtension.swift */ = {isa = PBXFileReference; lastKnownFileType = sourcecode.swift; path = CodableBundleExtension.swift; sourceTree = "<group>"; };
		299917E528E8B9D400ED5DF0 /* FeaturedItemView.swift */ = {isa = PBXFileReference; lastKnownFileType = sourcecode.swift; path = FeaturedItemView.swift; sourceTree = "<group>"; };
		299917E728E8BA3000ED5DF0 /* FeaturedTabView.swift */ = {isa = PBXFileReference; lastKnownFileType = sourcecode.swift; path = FeaturedTabView.swift; sourceTree = "<group>"; };
/* End PBXFileReference section */

/* Begin PBXFrameworksBuildPhase section */
		2975D8EF28D7D7BD00DCB837 /* Frameworks */ = {
			isa = PBXFrameworksBuildPhase;
			buildActionMask = 2147483647;
			files = (
			);
			runOnlyForDeploymentPostprocessing = 0;
		};
/* End PBXFrameworksBuildPhase section */

/* Begin PBXGroup section */
		2975D8E928D7D7BD00DCB837 = {
			isa = PBXGroup;
			children = (
				2975D8F428D7D7BD00DCB837 /* Touchdown */,
				2975D8F328D7D7BD00DCB837 /* Products */,
			);
			sourceTree = "<group>";
		};
		2975D8F328D7D7BD00DCB837 /* Products */ = {
			isa = PBXGroup;
			children = (
				2975D8F228D7D7BD00DCB837 /* Touchdown.app */,
			);
			name = Products;
			sourceTree = "<group>";
		};
		2975D8F428D7D7BD00DCB837 /* Touchdown */ = {
			isa = PBXGroup;
			children = (
				2975D90D28D7D92A00DCB837 /* App */,
				2975D90E28D7D93D00DCB837 /* View */,
				2975D90B28D7D87D00DCB837 /* Data */,
				2975D91328D7D9BB00DCB837 /* Utility */,
				2975D91128D7D9AF00DCB837 /* Model */,
				2975D91228D7D9B500DCB837 /* Extension */,
				2975D90C28D7D8D500DCB837 /* Info.plist */,
				2975D8F928D7D7BF00DCB837 /* Assets.xcassets */,
				2975D8FB28D7D7BF00DCB837 /* Preview Content */,
			);
			path = Touchdown;
			sourceTree = "<group>";
		};
		2975D8FB28D7D7BF00DCB837 /* Preview Content */ = {
			isa = PBXGroup;
			children = (
				2975D8FC28D7D7BF00DCB837 /* Preview Assets.xcassets */,
			);
			path = "Preview Content";
			sourceTree = "<group>";
		};
		2975D90B28D7D87D00DCB837 /* Data */ = {
			isa = PBXGroup;
			children = (
				2975D90628D7D87300DCB837 /* brand.json */,
				2975D90328D7D87300DCB837 /* category.json */,
				2975D90428D7D87300DCB837 /* player.json */,
				2975D90528D7D87300DCB837 /* product.json */,
			);
			path = Data;
			sourceTree = "<group>";
		};
		2975D90D28D7D92A00DCB837 /* App */ = {
			isa = PBXGroup;
			children = (
				2975D8F528D7D7BD00DCB837 /* TouchdownApp.swift */,
				2975D8F728D7D7BD00DCB837 /* ContentView.swift */,
			);
			path = App;
			sourceTree = "<group>";
		};
		2975D90E28D7D93D00DCB837 /* View */ = {
			isa = PBXGroup;
			children = (
				2975D90F28D7D9A500DCB837 /* Home */,
				2975D91028D7D9AB00DCB837 /* Detail */,
			);
			path = View;
			sourceTree = "<group>";
		};
		2975D90F28D7D9A500DCB837 /* Home */ = {
			isa = PBXGroup;
			children = (
				2975D91828D7DA7D00DCB837 /* FooterView.swift */,
				299917DD28E8B2E500ED5DF0 /* NavigationBarView.swift */,
				299917DF28E8B48100ED5DF0 /* LogoView.swift */,
				299917E528E8B9D400ED5DF0 /* FeaturedItemView.swift */,
				299917E728E8BA3000ED5DF0 /* FeaturedTabView.swift */,
			);
			path = Home;
			sourceTree = "<group>";
		};
		2975D91028D7D9AB00DCB837 /* Detail */ = {
			isa = PBXGroup;
			children = (
			);
			path = Detail;
			sourceTree = "<group>";
		};
		2975D91128D7D9AF00DCB837 /* Model */ = {
			isa = PBXGroup;
			children = (
				299917E128E8B8A300ED5DF0 /* PlayerModel.swift */,
			);
			path = Model;
			sourceTree = "<group>";
		};
		2975D91228D7D9B500DCB837 /* Extension */ = {
			isa = PBXGroup;
			children = (
				2975D91628D7D9F800DCB837 /* Constant.swift */,
				299917E328E8B8D700ED5DF0 /* CodableBundleExtension.swift */,
			);
			path = Extension;
			sourceTree = "<group>";
		};
		2975D91328D7D9BB00DCB837 /* Utility */ = {
			isa = PBXGroup;
			children = (
			);
			path = Utility;
			sourceTree = "<group>";
		};
/* End PBXGroup section */

/* Begin PBXNativeTarget section */
		2975D8F128D7D7BD00DCB837 /* Touchdown */ = {
			isa = PBXNativeTarget;
			buildConfigurationList = 2975D90028D7D7BF00DCB837 /* Build configuration list for PBXNativeTarget "Touchdown" */;
			buildPhases = (
				2975D8EE28D7D7BD00DCB837 /* Sources */,
				2975D8EF28D7D7BD00DCB837 /* Frameworks */,
				2975D8F028D7D7BD00DCB837 /* Resources */,
			);
			buildRules = (
			);
			dependencies = (
			);
			name = Touchdown;
			productName = Touchdown;
			productReference = 2975D8F228D7D7BD00DCB837 /* Touchdown.app */;
			productType = "com.apple.product-type.application";
		};
/* End PBXNativeTarget section */

/* Begin PBXProject section */
		2975D8EA28D7D7BD00DCB837 /* Project object */ = {
			isa = PBXProject;
			attributes = {
				BuildIndependentTargetsInParallel = 1;
				LastSwiftUpdateCheck = 1400;
				LastUpgradeCheck = 1400;
				TargetAttributes = {
					2975D8F128D7D7BD00DCB837 = {
						CreatedOnToolsVersion = 14.0;
					};
				};
			};
			buildConfigurationList = 2975D8ED28D7D7BD00DCB837 /* Build configuration list for PBXProject "Touchdown" */;
			compatibilityVersion = "Xcode 14.0";
			developmentRegion = en;
			hasScannedForEncodings = 0;
			knownRegions = (
				en,
				Base,
			);
			mainGroup = 2975D8E928D7D7BD00DCB837;
			productRefGroup = 2975D8F328D7D7BD00DCB837 /* Products */;
			projectDirPath = "";
			projectRoot = "";
			targets = (
				2975D8F128D7D7BD00DCB837 /* Touchdown */,
			);
		};
/* End PBXProject section */

/* Begin PBXResourcesBuildPhase section */
		2975D8F028D7D7BD00DCB837 /* Resources */ = {
			isa = PBXResourcesBuildPhase;
			buildActionMask = 2147483647;
			files = (
				2975D90828D7D87300DCB837 /* player.json in Resources */,
				2975D90728D7D87300DCB837 /* category.json in Resources */,
				2975D8FD28D7D7BF00DCB837 /* Preview Assets.xcassets in Resources */,
				2975D8FA28D7D7BF00DCB837 /* Assets.xcassets in Resources */,
				2975D90928D7D87300DCB837 /* product.json in Resources */,
				2975D90A28D7D87300DCB837 /* brand.json in Resources */,
			);
			runOnlyForDeploymentPostprocessing = 0;
		};
/* End PBXResourcesBuildPhase section */

/* Begin PBXSourcesBuildPhase section */
		2975D8EE28D7D7BD00DCB837 /* Sources */ = {
			isa = PBXSourcesBuildPhase;
			buildActionMask = 2147483647;
			files = (
				299917E428E8B8D700ED5DF0 /* CodableBundleExtension.swift in Sources */,
				2975D8F828D7D7BD00DCB837 /* ContentView.swift in Sources */,
				299917E028E8B48100ED5DF0 /* LogoView.swift in Sources */,
				2975D91928D7DA7D00DCB837 /* FooterView.swift in Sources */,
				299917E628E8B9D400ED5DF0 /* FeaturedItemView.swift in Sources */,
				2975D8F628D7D7BD00DCB837 /* TouchdownApp.swift in Sources */,
				2975D91728D7D9F800DCB837 /* Constant.swift in Sources */,
				299917DE28E8B2E500ED5DF0 /* NavigationBarView.swift in Sources */,
				299917E828E8BA3000ED5DF0 /* FeaturedTabView.swift in Sources */,
				299917E228E8B8A300ED5DF0 /* PlayerModel.swift in Sources */,
			);
			runOnlyForDeploymentPostprocessing = 0;
		};
/* End PBXSourcesBuildPhase section */

/* Begin XCBuildConfiguration section */
		2975D8FE28D7D7BF00DCB837 /* Debug */ = {
			isa = XCBuildConfiguration;
			buildSettings = {
				ALWAYS_SEARCH_USER_PATHS = NO;
				CLANG_ANALYZER_NONNULL = YES;
				CLANG_ANALYZER_NUMBER_OBJECT_CONVERSION = YES_AGGRESSIVE;
				CLANG_CXX_LANGUAGE_STANDARD = "gnu++20";
				CLANG_ENABLE_MODULES = YES;
				CLANG_ENABLE_OBJC_ARC = YES;
				CLANG_ENABLE_OBJC_WEAK = YES;
				CLANG_WARN_BLOCK_CAPTURE_AUTORELEASING = YES;
				CLANG_WARN_BOOL_CONVERSION = YES;
				CLANG_WARN_COMMA = YES;
				CLANG_WARN_CONSTANT_CONVERSION = YES;
				CLANG_WARN_DEPRECATED_OBJC_IMPLEMENTATIONS = YES;
				CLANG_WARN_DIRECT_OBJC_ISA_USAGE = YES_ERROR;
				CLANG_WARN_DOCUMENTATION_COMMENTS = YES;
				CLANG_WARN_EMPTY_BODY = YES;
				CLANG_WARN_ENUM_CONVERSION = YES;
				CLANG_WARN_INFINITE_RECURSION = YES;
				CLANG_WARN_INT_CONVERSION = YES;
				CLANG_WARN_NON_LITERAL_NULL_CONVERSION = YES;
				CLANG_WARN_OBJC_IMPLICIT_RETAIN_SELF = YES;
				CLANG_WARN_OBJC_LITERAL_CONVERSION = YES;
				CLANG_WARN_OBJC_ROOT_CLASS = YES_ERROR;
				CLANG_WARN_QUOTED_INCLUDE_IN_FRAMEWORK_HEADER = YES;
				CLANG_WARN_RANGE_LOOP_ANALYSIS = YES;
				CLANG_WARN_STRICT_PROTOTYPES = YES;
				CLANG_WARN_SUSPICIOUS_MOVE = YES;
				CLANG_WARN_UNGUARDED_AVAILABILITY = YES_AGGRESSIVE;
				CLANG_WARN_UNREACHABLE_CODE = YES;
				CLANG_WARN__DUPLICATE_METHOD_MATCH = YES;
				COPY_PHASE_STRIP = NO;
				DEBUG_INFORMATION_FORMAT = dwarf;
				ENABLE_STRICT_OBJC_MSGSEND = YES;
				ENABLE_TESTABILITY = YES;
				GCC_C_LANGUAGE_STANDARD = gnu11;
				GCC_DYNAMIC_NO_PIC = NO;
				GCC_NO_COMMON_BLOCKS = YES;
				GCC_OPTIMIZATION_LEVEL = 0;
				GCC_PREPROCESSOR_DEFINITIONS = (
					"DEBUG=1",
					"$(inherited)",
				);
				GCC_WARN_64_TO_32_BIT_CONVERSION = YES;
				GCC_WARN_ABOUT_RETURN_TYPE = YES_ERROR;
				GCC_WARN_UNDECLARED_SELECTOR = YES;
				GCC_WARN_UNINITIALIZED_AUTOS = YES_AGGRESSIVE;
				GCC_WARN_UNUSED_FUNCTION = YES;
				GCC_WARN_UNUSED_VARIABLE = YES;
				IPHONEOS_DEPLOYMENT_TARGET = 16.0;
				MTL_ENABLE_DEBUG_INFO = INCLUDE_SOURCE;
				MTL_FAST_MATH = YES;
				ONLY_ACTIVE_ARCH = YES;
				SDKROOT = iphoneos;
				SWIFT_ACTIVE_COMPILATION_CONDITIONS = DEBUG;
				SWIFT_OPTIMIZATION_LEVEL = "-Onone";
			};
			name = Debug;
		};
		2975D8FF28D7D7BF00DCB837 /* Release */ = {
			isa = XCBuildConfiguration;
			buildSettings = {
				ALWAYS_SEARCH_USER_PATHS = NO;
				CLANG_ANALYZER_NONNULL = YES;
				CLANG_ANALYZER_NUMBER_OBJECT_CONVERSION = YES_AGGRESSIVE;
				CLANG_CXX_LANGUAGE_STANDARD = "gnu++20";
				CLANG_ENABLE_MODULES = YES;
				CLANG_ENABLE_OBJC_ARC = YES;
				CLANG_ENABLE_OBJC_WEAK = YES;
				CLANG_WARN_BLOCK_CAPTURE_AUTORELEASING = YES;
				CLANG_WARN_BOOL_CONVERSION = YES;
				CLANG_WARN_COMMA = YES;
				CLANG_WARN_CONSTANT_CONVERSION = YES;
				CLANG_WARN_DEPRECATED_OBJC_IMPLEMENTATIONS = YES;
				CLANG_WARN_DIRECT_OBJC_ISA_USAGE = YES_ERROR;
				CLANG_WARN_DOCUMENTATION_COMMENTS = YES;
				CLANG_WARN_EMPTY_BODY = YES;
				CLANG_WARN_ENUM_CONVERSION = YES;
				CLANG_WARN_INFINITE_RECURSION = YES;
				CLANG_WARN_INT_CONVERSION = YES;
				CLANG_WARN_NON_LITERAL_NULL_CONVERSION = YES;
				CLANG_WARN_OBJC_IMPLICIT_RETAIN_SELF = YES;
				CLANG_WARN_OBJC_LITERAL_CONVERSION = YES;
				CLANG_WARN_OBJC_ROOT_CLASS = YES_ERROR;
				CLANG_WARN_QUOTED_INCLUDE_IN_FRAMEWORK_HEADER = YES;
				CLANG_WARN_RANGE_LOOP_ANALYSIS = YES;
				CLANG_WARN_STRICT_PROTOTYPES = YES;
				CLANG_WARN_SUSPICIOUS_MOVE = YES;
				CLANG_WARN_UNGUARDED_AVAILABILITY = YES_AGGRESSIVE;
				CLANG_WARN_UNREACHABLE_CODE = YES;
				CLANG_WARN__DUPLICATE_METHOD_MATCH = YES;
				COPY_PHASE_STRIP = NO;
				DEBUG_INFORMATION_FORMAT = "dwarf-with-dsym";
				ENABLE_NS_ASSERTIONS = NO;
				ENABLE_STRICT_OBJC_MSGSEND = YES;
				GCC_C_LANGUAGE_STANDARD = gnu11;
				GCC_NO_COMMON_BLOCKS = YES;
				GCC_WARN_64_TO_32_BIT_CONVERSION = YES;
				GCC_WARN_ABOUT_RETURN_TYPE = YES_ERROR;
				GCC_WARN_UNDECLARED_SELECTOR = YES;
				GCC_WARN_UNINITIALIZED_AUTOS = YES_AGGRESSIVE;
				GCC_WARN_UNUSED_FUNCTION = YES;
				GCC_WARN_UNUSED_VARIABLE = YES;
				IPHONEOS_DEPLOYMENT_TARGET = 16.0;
				MTL_ENABLE_DEBUG_INFO = NO;
				MTL_FAST_MATH = YES;
				SDKROOT = iphoneos;
				SWIFT_COMPILATION_MODE = wholemodule;
				SWIFT_OPTIMIZATION_LEVEL = "-O";
				VALIDATE_PRODUCT = YES;
			};
			name = Release;
		};
		2975D90128D7D7BF00DCB837 /* Debug */ = {
			isa = XCBuildConfiguration;
			buildSettings = {
				ASSETCATALOG_COMPILER_APPICON_NAME = AppIcon;
				ASSETCATALOG_COMPILER_GLOBAL_ACCENT_COLOR_NAME = AccentColor;
				CODE_SIGN_STYLE = Automatic;
				CURRENT_PROJECT_VERSION = 1;
				DEVELOPMENT_ASSET_PATHS = "\"Touchdown/Preview Content\"";
				DEVELOPMENT_TEAM = 48BUATF4VW;
				ENABLE_PREVIEWS = YES;
				GENERATE_INFOPLIST_FILE = YES;
				INFOPLIST_FILE = Touchdown/Info.plist;
				INFOPLIST_KEY_UIApplicationSceneManifest_Generation = YES;
				INFOPLIST_KEY_UIApplicationSupportsIndirectInputEvents = YES;
				INFOPLIST_KEY_UISupportedInterfaceOrientations = UIInterfaceOrientationPortrait;
				INFOPLIST_KEY_UIUserInterfaceStyle = Light;
				LD_RUNPATH_SEARCH_PATHS = (
					"$(inherited)",
					"@executable_path/Frameworks",
				);
				MARKETING_VERSION = 1.0;
				PRODUCT_BUNDLE_IDENTIFIER = com.softsign.Touchdown;
				PRODUCT_NAME = "$(TARGET_NAME)";
				SWIFT_EMIT_LOC_STRINGS = YES;
				SWIFT_VERSION = 5.0;
				TARGETED_DEVICE_FAMILY = "1,2";
			};
			name = Debug;
		};
		2975D90228D7D7BF00DCB837 /* Release */ = {
			isa = XCBuildConfiguration;
			buildSettings = {
				ASSETCATALOG_COMPILER_APPICON_NAME = AppIcon;
				ASSETCATALOG_COMPILER_GLOBAL_ACCENT_COLOR_NAME = AccentColor;
				CODE_SIGN_STYLE = Automatic;
				CURRENT_PROJECT_VERSION = 1;
				DEVELOPMENT_ASSET_PATHS = "\"Touchdown/Preview Content\"";
				DEVELOPMENT_TEAM = 48BUATF4VW;
				ENABLE_PREVIEWS = YES;
				GENERATE_INFOPLIST_FILE = YES;
				INFOPLIST_FILE = Touchdown/Info.plist;
				INFOPLIST_KEY_UIApplicationSceneManifest_Generation = YES;
				INFOPLIST_KEY_UIApplicationSupportsIndirectInputEvents = YES;
				INFOPLIST_KEY_UISupportedInterfaceOrientations = UIInterfaceOrientationPortrait;
				INFOPLIST_KEY_UIUserInterfaceStyle = Light;
				LD_RUNPATH_SEARCH_PATHS = (
					"$(inherited)",
					"@executable_path/Frameworks",
				);
				MARKETING_VERSION = 1.0;
				PRODUCT_BUNDLE_IDENTIFIER = com.softsign.Touchdown;
				PRODUCT_NAME = "$(TARGET_NAME)";
				SWIFT_EMIT_LOC_STRINGS = YES;
				SWIFT_VERSION = 5.0;
				TARGETED_DEVICE_FAMILY = "1,2";
			};
			name = Release;
		};
/* End XCBuildConfiguration section */

/* Begin XCConfigurationList section */
		2975D8ED28D7D7BD00DCB837 /* Build configuration list for PBXProject "Touchdown" */ = {
			isa = XCConfigurationList;
			buildConfigurations = (
				2975D8FE28D7D7BF00DCB837 /* Debug */,
				2975D8FF28D7D7BF00DCB837 /* Release */,
			);
			defaultConfigurationIsVisible = 0;
			defaultConfigurationName = Release;
		};
		2975D90028D7D7BF00DCB837 /* Build configuration list for PBXNativeTarget "Touchdown" */ = {
			isa = XCConfigurationList;
			buildConfigurations = (
				2975D90128D7D7BF00DCB837 /* Debug */,
				2975D90228D7D7BF00DCB837 /* Release */,
			);
			defaultConfigurationIsVisible = 0;
			defaultConfigurationName = Release;
		};
/* End XCConfigurationList section */
	};
	rootObject = 2975D8EA28D7D7BD00DCB837 /* Project object */;
}
