// !$*UTF8*$!
{
	archiveVersion = 1;
	classes = {
	};
	objectVersion = 56;
	objects = {

/* Begin PBXBuildFile section */
		296537E52A7A8CF6009F9E8F /* CardView.swift in Sources */ = {isa = PBXBuildFile; fileRef = 296537E42A7A8CF6009F9E8F /* CardView.swift */; };
		296537E72A7A938E009F9E8F /* CardModel.swift in Sources */ = {isa = PBXBuildFile; fileRef = 296537E62A7A938E009F9E8F /* CardModel.swift */; };
		296537E92A7A942A009F9E8F /* CardData.swift in Sources */ = {isa = PBXBuildFile; fileRef = 296537E82A7A942A009F9E8F /* CardData.swift */; };
		29AF34F52A7EF9AE006A94D4 /* sound-chime.mp3 in Resources */ = {isa = PBXBuildFile; fileRef = 29AF34F42A7EF9AE006A94D4 /* sound-chime.mp3 */; };
		29AF34F72A7EF9CE006A94D4 /* PlaySound.swift in Sources */ = {isa = PBXBuildFile; fileRef = 29AF34F62A7EF9CE006A94D4 /* PlaySound.swift */; };
		29AF34FD2A7F14F8006A94D4 /* Stickers.xcassets in Resources */ = {isa = PBXBuildFile; fileRef = 29AF34FC2A7F14F8006A94D4 /* Stickers.xcassets */; };
		29AF35012A7F14F8006A94D4 /* stickers.appex in Embed Foundation Extensions */ = {isa = PBXBuildFile; fileRef = 29AF34FA2A7F14F5006A94D4 /* stickers.appex */; settings = {ATTRIBUTES = (RemoveHeadersOnCopy, ); }; };
		29BFE2762A793FC0003A585B /* Learn_by_DoingApp.swift in Sources */ = {isa = PBXBuildFile; fileRef = 29BFE2752A793FC0003A585B /* Learn_by_DoingApp.swift */; };
		29BFE2782A793FC0003A585B /* ContentView.swift in Sources */ = {isa = PBXBuildFile; fileRef = 29BFE2772A793FC0003A585B /* ContentView.swift */; };
		29BFE27A2A793FC3003A585B /* Assets.xcassets in Resources */ = {isa = PBXBuildFile; fileRef = 29BFE2792A793FC3003A585B /* Assets.xcassets */; };
		29BFE27D2A793FC3003A585B /* Preview Assets.xcassets in Resources */ = {isa = PBXBuildFile; fileRef = 29BFE27C2A793FC3003A585B /* Preview Assets.xcassets */; };
/* End PBXBuildFile section */

/* Begin PBXContainerItemProxy section */
		29AF34FF2A7F14F8006A94D4 /* PBXContainerItemProxy */ = {
			isa = PBXContainerItemProxy;
			containerPortal = 29BFE26A2A793FC0003A585B /* Project object */;
			proxyType = 1;
			remoteGlobalIDString = 29AF34F92A7F14F5006A94D4;
			remoteInfo = stickers;
		};
/* End PBXContainerItemProxy section */

/* Begin PBXCopyFilesBuildPhase section */
		29AF35052A7F14F8006A94D4 /* Embed Foundation Extensions */ = {
			isa = PBXCopyFilesBuildPhase;
			buildActionMask = 2147483647;
			dstPath = "";
			dstSubfolderSpec = 13;
			files = (
				29AF35012A7F14F8006A94D4 /* stickers.appex in Embed Foundation Extensions */,
			);
			name = "Embed Foundation Extensions";
			runOnlyForDeploymentPostprocessing = 0;
		};
/* End PBXCopyFilesBuildPhase section */

/* Begin PBXFileReference section */
		296537E42A7A8CF6009F9E8F /* CardView.swift */ = {isa = PBXFileReference; lastKnownFileType = sourcecode.swift; path = CardView.swift; sourceTree = "<group>"; };
		296537E62A7A938E009F9E8F /* CardModel.swift */ = {isa = PBXFileReference; lastKnownFileType = sourcecode.swift; path = CardModel.swift; sourceTree = "<group>"; };
		296537E82A7A942A009F9E8F /* CardData.swift */ = {isa = PBXFileReference; lastKnownFileType = sourcecode.swift; path = CardData.swift; sourceTree = "<group>"; };
		29AF34F42A7EF9AE006A94D4 /* sound-chime.mp3 */ = {isa = PBXFileReference; lastKnownFileType = audio.mp3; name = "sound-chime.mp3"; path = "../../../Resources/Sounds/sound-chime.mp3"; sourceTree = "<group>"; };
		29AF34F62A7EF9CE006A94D4 /* PlaySound.swift */ = {isa = PBXFileReference; lastKnownFileType = sourcecode.swift; path = PlaySound.swift; sourceTree = "<group>"; };
		29AF34FA2A7F14F5006A94D4 /* stickers.appex */ = {isa = PBXFileReference; explicitFileType = "wrapper.app-extension"; includeInIndex = 0; path = stickers.appex; sourceTree = BUILT_PRODUCTS_DIR; };
		29AF34FC2A7F14F8006A94D4 /* Stickers.xcassets */ = {isa = PBXFileReference; lastKnownFileType = folder.assetcatalog; path = Stickers.xcassets; sourceTree = "<group>"; };
		29AF34FE2A7F14F8006A94D4 /* Info.plist */ = {isa = PBXFileReference; lastKnownFileType = text.plist.xml; path = Info.plist; sourceTree = "<group>"; };
		29BFE2722A793FC0003A585B /* Learn by Doing.app */ = {isa = PBXFileReference; explicitFileType = wrapper.application; includeInIndex = 0; path = "Learn by Doing.app"; sourceTree = BUILT_PRODUCTS_DIR; };
		29BFE2752A793FC0003A585B /* Learn_by_DoingApp.swift */ = {isa = PBXFileReference; lastKnownFileType = sourcecode.swift; path = Learn_by_DoingApp.swift; sourceTree = "<group>"; };
		29BFE2772A793FC0003A585B /* ContentView.swift */ = {isa = PBXFileReference; lastKnownFileType = sourcecode.swift; path = ContentView.swift; sourceTree = "<group>"; };
		29BFE2792A793FC3003A585B /* Assets.xcassets */ = {isa = PBXFileReference; lastKnownFileType = folder.assetcatalog; path = Assets.xcassets; sourceTree = "<group>"; };
		29BFE27C2A793FC3003A585B /* Preview Assets.xcassets */ = {isa = PBXFileReference; lastKnownFileType = folder.assetcatalog; path = "Preview Assets.xcassets"; sourceTree = "<group>"; };
		29BFE27E2A793FC3003A585B /* Learn_by_Doing.entitlements */ = {isa = PBXFileReference; lastKnownFileType = text.plist.entitlements; path = Learn_by_Doing.entitlements; sourceTree = "<group>"; };
/* End PBXFileReference section */

/* Begin PBXFrameworksBuildPhase section */
		29BFE26F2A793FC0003A585B /* Frameworks */ = {
			isa = PBXFrameworksBuildPhase;
			buildActionMask = 2147483647;
			files = (
			);
			runOnlyForDeploymentPostprocessing = 0;
		};
/* End PBXFrameworksBuildPhase section */

/* Begin PBXGroup section */
		29AF34FB2A7F14F5006A94D4 /* stickers */ = {
			isa = PBXGroup;
			children = (
				29AF34FC2A7F14F8006A94D4 /* Stickers.xcassets */,
				29AF34FE2A7F14F8006A94D4 /* Info.plist */,
			);
			path = stickers;
			sourceTree = "<group>";
		};
		29BFE2692A793FC0003A585B = {
			isa = PBXGroup;
			children = (
				29BFE2742A793FC0003A585B /* Learn by Doing */,
				29AF34FB2A7F14F5006A94D4 /* stickers */,
				29BFE2732A793FC0003A585B /* Products */,
			);
			sourceTree = "<group>";
		};
		29BFE2732A793FC0003A585B /* Products */ = {
			isa = PBXGroup;
			children = (
				29BFE2722A793FC0003A585B /* Learn by Doing.app */,
				29AF34FA2A7F14F5006A94D4 /* stickers.appex */,
			);
			name = Products;
			sourceTree = "<group>";
		};
		29BFE2742A793FC0003A585B /* Learn by Doing */ = {
			isa = PBXGroup;
			children = (
				29BFE2752A793FC0003A585B /* Learn_by_DoingApp.swift */,
				29BFE2772A793FC0003A585B /* ContentView.swift */,
				29AF34F62A7EF9CE006A94D4 /* PlaySound.swift */,
				296537E42A7A8CF6009F9E8F /* CardView.swift */,
				29BFE2792A793FC3003A585B /* Assets.xcassets */,
				29BFE27E2A793FC3003A585B /* Learn_by_Doing.entitlements */,
				29BFE27B2A793FC3003A585B /* Preview Content */,
				296537E62A7A938E009F9E8F /* CardModel.swift */,
				296537E82A7A942A009F9E8F /* CardData.swift */,
				29AF34F42A7EF9AE006A94D4 /* sound-chime.mp3 */,
			);
			path = "Learn by Doing";
			sourceTree = "<group>";
		};
		29BFE27B2A793FC3003A585B /* Preview Content */ = {
			isa = PBXGroup;
			children = (
				29BFE27C2A793FC3003A585B /* Preview Assets.xcassets */,
			);
			path = "Preview Content";
			sourceTree = "<group>";
		};
/* End PBXGroup section */

/* Begin PBXNativeTarget section */
		29AF34F92A7F14F5006A94D4 /* stickers */ = {
			isa = PBXNativeTarget;
			buildConfigurationList = 29AF35022A7F14F8006A94D4 /* Build configuration list for PBXNativeTarget "stickers" */;
			buildPhases = (
				29AF34F82A7F14F5006A94D4 /* Resources */,
			);
			buildRules = (
			);
			dependencies = (
			);
			name = stickers;
			productName = stickers;
			productReference = 29AF34FA2A7F14F5006A94D4 /* stickers.appex */;
			productType = "com.apple.product-type.app-extension.messages-sticker-pack";
		};
		29BFE2712A793FC0003A585B /* Learn by Doing */ = {
			isa = PBXNativeTarget;
			buildConfigurationList = 29BFE2812A793FC3003A585B /* Build configuration list for PBXNativeTarget "Learn by Doing" */;
			buildPhases = (
				29BFE26E2A793FC0003A585B /* Sources */,
				29BFE26F2A793FC0003A585B /* Frameworks */,
				29BFE2702A793FC0003A585B /* Resources */,
				29AF35052A7F14F8006A94D4 /* Embed Foundation Extensions */,
			);
			buildRules = (
			);
			dependencies = (
				29AF35002A7F14F8006A94D4 /* PBXTargetDependency */,
			);
			name = "Learn by Doing";
			productName = "Learn by Doing";
			productReference = 29BFE2722A793FC0003A585B /* Learn by Doing.app */;
			productType = "com.apple.product-type.application";
		};
/* End PBXNativeTarget section */

/* Begin PBXProject section */
		29BFE26A2A793FC0003A585B /* Project object */ = {
			isa = PBXProject;
			attributes = {
				BuildIndependentTargetsInParallel = 1;
				LastSwiftUpdateCheck = 1500;
				LastUpgradeCheck = 1500;
				TargetAttributes = {
					29AF34F92A7F14F5006A94D4 = {
						CreatedOnToolsVersion = 15.0;
					};
					29BFE2712A793FC0003A585B = {
						CreatedOnToolsVersion = 15.0;
					};
				};
			};
			buildConfigurationList = 29BFE26D2A793FC0003A585B /* Build configuration list for PBXProject "Learn by Doing" */;
			compatibilityVersion = "Xcode 14.0";
			developmentRegion = en;
			hasScannedForEncodings = 0;
			knownRegions = (
				en,
				Base,
			);
			mainGroup = 29BFE2692A793FC0003A585B;
			productRefGroup = 29BFE2732A793FC0003A585B /* Products */;
			projectDirPath = "";
			projectRoot = "";
			targets = (
				29BFE2712A793FC0003A585B /* Learn by Doing */,
				29AF34F92A7F14F5006A94D4 /* stickers */,
			);
		};
/* End PBXProject section */

/* Begin PBXResourcesBuildPhase section */
		29AF34F82A7F14F5006A94D4 /* Resources */ = {
			isa = PBXResourcesBuildPhase;
			buildActionMask = 2147483647;
			files = (
				29AF34FD2A7F14F8006A94D4 /* Stickers.xcassets in Resources */,
			);
			runOnlyForDeploymentPostprocessing = 0;
		};
		29BFE2702A793FC0003A585B /* Resources */ = {
			isa = PBXResourcesBuildPhase;
			buildActionMask = 2147483647;
			files = (
				29BFE27D2A793FC3003A585B /* Preview Assets.xcassets in Resources */,
				29AF34F52A7EF9AE006A94D4 /* sound-chime.mp3 in Resources */,
				29BFE27A2A793FC3003A585B /* Assets.xcassets in Resources */,
			);
			runOnlyForDeploymentPostprocessing = 0;
		};
/* End PBXResourcesBuildPhase section */

/* Begin PBXSourcesBuildPhase section */
		29BFE26E2A793FC0003A585B /* Sources */ = {
			isa = PBXSourcesBuildPhase;
			buildActionMask = 2147483647;
			files = (
				296537E92A7A942A009F9E8F /* CardData.swift in Sources */,
				29AF34F72A7EF9CE006A94D4 /* PlaySound.swift in Sources */,
				29BFE2782A793FC0003A585B /* ContentView.swift in Sources */,
				296537E72A7A938E009F9E8F /* CardModel.swift in Sources */,
				296537E52A7A8CF6009F9E8F /* CardView.swift in Sources */,
				29BFE2762A793FC0003A585B /* Learn_by_DoingApp.swift in Sources */,
			);
			runOnlyForDeploymentPostprocessing = 0;
		};
/* End PBXSourcesBuildPhase section */

/* Begin PBXTargetDependency section */
		29AF35002A7F14F8006A94D4 /* PBXTargetDependency */ = {
			isa = PBXTargetDependency;
			target = 29AF34F92A7F14F5006A94D4 /* stickers */;
			targetProxy = 29AF34FF2A7F14F8006A94D4 /* PBXContainerItemProxy */;
		};
/* End PBXTargetDependency section */

/* Begin XCBuildConfiguration section */
		29AF35032A7F14F8006A94D4 /* Debug */ = {
			isa = XCBuildConfiguration;
			buildSettings = {
				ASSETCATALOG_COMPILER_APPICON_NAME = "iMessage App Icon";
				CODE_SIGN_STYLE = Automatic;
				CURRENT_PROJECT_VERSION = 1;
				DEVELOPMENT_TEAM = 48BUATF4VW;
				GENERATE_INFOPLIST_FILE = YES;
				INFOPLIST_FILE = stickers/Info.plist;
				INFOPLIST_KEY_NSStickerSharingLevel = OS;
				IPHONEOS_DEPLOYMENT_TARGET = 17.0;
				MARKETING_VERSION = 1.0;
				PRODUCT_BUNDLE_IDENTIFIER = "kim.howon.Learn-by-Doing.stickers";
				PRODUCT_NAME = "$(TARGET_NAME)";
				SDKROOT = iphoneos;
				SKIP_INSTALL = YES;
				SWIFT_EMIT_LOC_STRINGS = YES;
				TARGETED_DEVICE_FAMILY = "1,2";
			};
			name = Debug;
		};
		29AF35042A7F14F8006A94D4 /* Release */ = {
			isa = XCBuildConfiguration;
			buildSettings = {
				ASSETCATALOG_COMPILER_APPICON_NAME = "iMessage App Icon";
				CODE_SIGN_STYLE = Automatic;
				CURRENT_PROJECT_VERSION = 1;
				DEVELOPMENT_TEAM = 48BUATF4VW;
				GENERATE_INFOPLIST_FILE = YES;
				INFOPLIST_FILE = stickers/Info.plist;
				INFOPLIST_KEY_NSStickerSharingLevel = OS;
				IPHONEOS_DEPLOYMENT_TARGET = 17.0;
				MARKETING_VERSION = 1.0;
				PRODUCT_BUNDLE_IDENTIFIER = "kim.howon.Learn-by-Doing.stickers";
				PRODUCT_NAME = "$(TARGET_NAME)";
				SDKROOT = iphoneos;
				SKIP_INSTALL = YES;
				SWIFT_EMIT_LOC_STRINGS = YES;
				TARGETED_DEVICE_FAMILY = "1,2";
				VALIDATE_PRODUCT = YES;
			};
			name = Release;
		};
		29BFE27F2A793FC3003A585B /* Debug */ = {
			isa = XCBuildConfiguration;
			buildSettings = {
				ALWAYS_SEARCH_USER_PATHS = NO;
				ASSETCATALOG_COMPILER_GENERATE_SWIFT_ASSET_SYMBOL_EXTENSIONS = YES;
				CLANG_ANALYZER_NONNULL = YES;
				CLANG_ANALYZER_NUMBER_OBJECT_CONVERSION = YES_AGGRESSIVE;
				CLANG_CXX_LANGUAGE_STANDARD = "gnu++20";
				CLANG_ENABLE_MODULES = YES;
				CLANG_ENABLE_OBJC_ARC = YES;
				CLANG_ENABLE_OBJC_WEAK = YES;
				CLANG_WARN_BLOCK_CAPTURE_AUTORELEASING = YES;
				CLANG_WARN_BOOL_CONVERSION = YES;
				CLANG_WARN_COMMA = YES;
				CLANG_WARN_CONSTANT_CONVERSION = YES;
				CLANG_WARN_DEPRECATED_OBJC_IMPLEMENTATIONS = YES;
				CLANG_WARN_DIRECT_OBJC_ISA_USAGE = YES_ERROR;
				CLANG_WARN_DOCUMENTATION_COMMENTS = YES;
				CLANG_WARN_EMPTY_BODY = YES;
				CLANG_WARN_ENUM_CONVERSION = YES;
				CLANG_WARN_INFINITE_RECURSION = YES;
				CLANG_WARN_INT_CONVERSION = YES;
				CLANG_WARN_NON_LITERAL_NULL_CONVERSION = YES;
				CLANG_WARN_OBJC_IMPLICIT_RETAIN_SELF = YES;
				CLANG_WARN_OBJC_LITERAL_CONVERSION = YES;
				CLANG_WARN_OBJC_ROOT_CLASS = YES_ERROR;
				CLANG_WARN_QUOTED_INCLUDE_IN_FRAMEWORK_HEADER = YES;
				CLANG_WARN_RANGE_LOOP_ANALYSIS = YES;
				CLANG_WARN_STRICT_PROTOTYPES = YES;
				CLANG_WARN_SUSPICIOUS_MOVE = YES;
				CLANG_WARN_UNGUARDED_AVAILABILITY = YES_AGGRESSIVE;
				CLANG_WARN_UNREACHABLE_CODE = YES;
				CLANG_WARN__DUPLICATE_METHOD_MATCH = YES;
				COPY_PHASE_STRIP = NO;
				DEBUG_INFORMATION_FORMAT = dwarf;
				ENABLE_STRICT_OBJC_MSGSEND = YES;
				ENABLE_TESTABILITY = YES;
				ENABLE_USER_SCRIPT_SANDBOXING = YES;
				GCC_C_LANGUAGE_STANDARD = gnu17;
				GCC_DYNAMIC_NO_PIC = NO;
				GCC_NO_COMMON_BLOCKS = YES;
				GCC_OPTIMIZATION_LEVEL = 0;
				GCC_PREPROCESSOR_DEFINITIONS = (
					"DEBUG=1",
					"$(inherited)",
				);
				GCC_WARN_64_TO_32_BIT_CONVERSION = YES;
				GCC_WARN_ABOUT_RETURN_TYPE = YES_ERROR;
				GCC_WARN_UNDECLARED_SELECTOR = YES;
				GCC_WARN_UNINITIALIZED_AUTOS = YES_AGGRESSIVE;
				GCC_WARN_UNUSED_FUNCTION = YES;
				GCC_WARN_UNUSED_VARIABLE = YES;
				LOCALIZATION_PREFERS_STRING_CATALOGS = YES;
				MACOSX_DEPLOYMENT_TARGET = 14.0;
				MTL_ENABLE_DEBUG_INFO = INCLUDE_SOURCE;
				MTL_FAST_MATH = YES;
				ONLY_ACTIVE_ARCH = YES;
				SDKROOT = macosx;
				SWIFT_ACTIVE_COMPILATION_CONDITIONS = "DEBUG $(inherited)";
				SWIFT_OPTIMIZATION_LEVEL = "-Onone";
			};
			name = Debug;
		};
		29BFE2802A793FC3003A585B /* Release */ = {
			isa = XCBuildConfiguration;
			buildSettings = {
				ALWAYS_SEARCH_USER_PATHS = NO;
				ASSETCATALOG_COMPILER_GENERATE_SWIFT_ASSET_SYMBOL_EXTENSIONS = YES;
				CLANG_ANALYZER_NONNULL = YES;
				CLANG_ANALYZER_NUMBER_OBJECT_CONVERSION = YES_AGGRESSIVE;
				CLANG_CXX_LANGUAGE_STANDARD = "gnu++20";
				CLANG_ENABLE_MODULES = YES;
				CLANG_ENABLE_OBJC_ARC = YES;
				CLANG_ENABLE_OBJC_WEAK = YES;
				CLANG_WARN_BLOCK_CAPTURE_AUTORELEASING = YES;
				CLANG_WARN_BOOL_CONVERSION = YES;
				CLANG_WARN_COMMA = YES;
				CLANG_WARN_CONSTANT_CONVERSION = YES;
				CLANG_WARN_DEPRECATED_OBJC_IMPLEMENTATIONS = YES;
				CLANG_WARN_DIRECT_OBJC_ISA_USAGE = YES_ERROR;
				CLANG_WARN_DOCUMENTATION_COMMENTS = YES;
				CLANG_WARN_EMPTY_BODY = YES;
				CLANG_WARN_ENUM_CONVERSION = YES;
				CLANG_WARN_INFINITE_RECURSION = YES;
				CLANG_WARN_INT_CONVERSION = YES;
				CLANG_WARN_NON_LITERAL_NULL_CONVERSION = YES;
				CLANG_WARN_OBJC_IMPLICIT_RETAIN_SELF = YES;
				CLANG_WARN_OBJC_LITERAL_CONVERSION = YES;
				CLANG_WARN_OBJC_ROOT_CLASS = YES_ERROR;
				CLANG_WARN_QUOTED_INCLUDE_IN_FRAMEWORK_HEADER = YES;
				CLANG_WARN_RANGE_LOOP_ANALYSIS = YES;
				CLANG_WARN_STRICT_PROTOTYPES = YES;
				CLANG_WARN_SUSPICIOUS_MOVE = YES;
				CLANG_WARN_UNGUARDED_AVAILABILITY = YES_AGGRESSIVE;
				CLANG_WARN_UNREACHABLE_CODE = YES;
				CLANG_WARN__DUPLICATE_METHOD_MATCH = YES;
				COPY_PHASE_STRIP = NO;
				DEBUG_INFORMATION_FORMAT = "dwarf-with-dsym";
				ENABLE_NS_ASSERTIONS = NO;
				ENABLE_STRICT_OBJC_MSGSEND = YES;
				ENABLE_USER_SCRIPT_SANDBOXING = YES;
				GCC_C_LANGUAGE_STANDARD = gnu17;
				GCC_NO_COMMON_BLOCKS = YES;
				GCC_WARN_64_TO_32_BIT_CONVERSION = YES;
				GCC_WARN_ABOUT_RETURN_TYPE = YES_ERROR;
				GCC_WARN_UNDECLARED_SELECTOR = YES;
				GCC_WARN_UNINITIALIZED_AUTOS = YES_AGGRESSIVE;
				GCC_WARN_UNUSED_FUNCTION = YES;
				GCC_WARN_UNUSED_VARIABLE = YES;
				LOCALIZATION_PREFERS_STRING_CATALOGS = YES;
				MACOSX_DEPLOYMENT_TARGET = 14.0;
				MTL_ENABLE_DEBUG_INFO = NO;
				MTL_FAST_MATH = YES;
				SDKROOT = macosx;
				SWIFT_COMPILATION_MODE = wholemodule;
			};
			name = Release;
		};
		29BFE2822A793FC3003A585B /* Debug */ = {
			isa = XCBuildConfiguration;
			buildSettings = {
				ASSETCATALOG_COMPILER_APPICON_NAME = AppIcon;
				ASSETCATALOG_COMPILER_GLOBAL_ACCENT_COLOR_NAME = AccentColor;
				CODE_SIGN_ENTITLEMENTS = "Learn by Doing/Learn_by_Doing.entitlements";
				CODE_SIGN_STYLE = Automatic;
				COMBINE_HIDPI_IMAGES = YES;
				CURRENT_PROJECT_VERSION = 1;
				DEVELOPMENT_ASSET_PATHS = "\"Learn by Doing/Preview Content\"";
				DEVELOPMENT_TEAM = 48BUATF4VW;
				ENABLE_HARDENED_RUNTIME = YES;
				ENABLE_PREVIEWS = YES;
				GENERATE_INFOPLIST_FILE = YES;
				INFOPLIST_KEY_NSHumanReadableCopyright = "";
				LD_RUNPATH_SEARCH_PATHS = (
					"$(inherited)",
					"@executable_path/../Frameworks",
				);
				MARKETING_VERSION = 1.0;
				PRODUCT_BUNDLE_IDENTIFIER = "kim.howon.Learn-by-Doing";
				PRODUCT_NAME = "$(TARGET_NAME)";
				SUPPORTED_PLATFORMS = "iphoneos iphonesimulator macosx";
				SUPPORTS_MACCATALYST = NO;
				SWIFT_EMIT_LOC_STRINGS = YES;
				SWIFT_VERSION = 5.0;
				TARGETED_DEVICE_FAMILY = "1,2";
			};
			name = Debug;
		};
		29BFE2832A793FC3003A585B /* Release */ = {
			isa = XCBuildConfiguration;
			buildSettings = {
				ASSETCATALOG_COMPILER_APPICON_NAME = AppIcon;
				ASSETCATALOG_COMPILER_GLOBAL_ACCENT_COLOR_NAME = AccentColor;
				CODE_SIGN_ENTITLEMENTS = "Learn by Doing/Learn_by_Doing.entitlements";
				CODE_SIGN_STYLE = Automatic;
				COMBINE_HIDPI_IMAGES = YES;
				CURRENT_PROJECT_VERSION = 1;
				DEVELOPMENT_ASSET_PATHS = "\"Learn by Doing/Preview Content\"";
				DEVELOPMENT_TEAM = 48BUATF4VW;
				ENABLE_HARDENED_RUNTIME = YES;
				ENABLE_PREVIEWS = YES;
				GENERATE_INFOPLIST_FILE = YES;
				INFOPLIST_KEY_NSHumanReadableCopyright = "";
				LD_RUNPATH_SEARCH_PATHS = (
					"$(inherited)",
					"@executable_path/../Frameworks",
				);
				MARKETING_VERSION = 1.0;
				PRODUCT_BUNDLE_IDENTIFIER = "kim.howon.Learn-by-Doing";
				PRODUCT_NAME = "$(TARGET_NAME)";
				SUPPORTED_PLATFORMS = "iphoneos iphonesimulator macosx";
				SUPPORTS_MACCATALYST = NO;
				SWIFT_EMIT_LOC_STRINGS = YES;
				SWIFT_VERSION = 5.0;
				TARGETED_DEVICE_FAMILY = "1,2";
			};
			name = Release;
		};
/* End XCBuildConfiguration section */

/* Begin XCConfigurationList section */
		29AF35022A7F14F8006A94D4 /* Build configuration list for PBXNativeTarget "stickers" */ = {
			isa = XCConfigurationList;
			buildConfigurations = (
				29AF35032A7F14F8006A94D4 /* Debug */,
				29AF35042A7F14F8006A94D4 /* Release */,
			);
			defaultConfigurationIsVisible = 0;
			defaultConfigurationName = Release;
		};
		29BFE26D2A793FC0003A585B /* Build configuration list for PBXProject "Learn by Doing" */ = {
			isa = XCConfigurationList;
			buildConfigurations = (
				29BFE27F2A793FC3003A585B /* Debug */,
				29BFE2802A793FC3003A585B /* Release */,
			);
			defaultConfigurationIsVisible = 0;
			defaultConfigurationName = Release;
		};
		29BFE2812A793FC3003A585B /* Build configuration list for PBXNativeTarget "Learn by Doing" */ = {
			isa = XCConfigurationList;
			buildConfigurations = (
				29BFE2822A793FC3003A585B /* Debug */,
				29BFE2832A793FC3003A585B /* Release */,
			);
			defaultConfigurationIsVisible = 0;
			defaultConfigurationName = Release;
		};
/* End XCConfigurationList section */
	};
	rootObject = 29BFE26A2A793FC0003A585B /* Project object */;
}
